
Microsoft Visual Studio Solution File, Format Version 11.00
# Visual Studio 2010
Project("{FAE04EC0-301F-11D3-BF4B-00C04F79EFBC}") = "DelimitedFileTools", "DelimitedFileTools\DelimitedFileTools.csproj", "{71343400-F293-438D-B77C-85A8ABFAE115}"
EndProject
Project("{FAE04EC0-301F-11D3-BF4B-00C04F79EFBC}") = "DelimitedFileToolsTest", "DelimitedFileToolsTest\DelimitedFileToolsTest.csproj", "{F98D5454-98DF-4018-958E-35847D9E18D2}"
EndProject
Global
	GlobalSection(SolutionConfigurationPlatforms) = preSolution
		Debug|Any CPU = Debug|Any CPU
		Debug|Mixed Platforms = Debug|Mixed Platforms
		Debug|x86 = Debug|x86
		Release|Any CPU = Release|Any CPU
		Release|Mixed Platforms = Release|Mixed Platforms
		Release|x86 = Release|x86
	EndGlobalSection
	GlobalSection(ProjectConfigurationPlatforms) = postSolution
		{71343400-F293-438D-B77C-85A8ABFAE115}.Debug|Any CPU.ActiveCfg = Debug|Any CPU
		{71343400-F293-438D-B77C-85A8ABFAE115}.Debug|Any CPU.Build.0 = Debug|Any CPU
		{71343400-F293-438D-B77C-85A8ABFAE115}.Debug|Mixed Platforms.ActiveCfg = Debug|Any CPU
		{71343400-F293-438D-B77C-85A8ABFAE115}.Debug|Mixed Platforms.Build.0 = Debug|Any CPU
		{71343400-F293-438D-B77C-85A8ABFAE115}.Debug|x86.ActiveCfg = Debug|Any CPU
		{71343400-F293-438D-B77C-85A8ABFAE115}.Release|Any CPU.ActiveCfg = Release|Any CPU
		{71343400-F293-438D-B77C-85A8ABFAE115}.Release|Any CPU.Build.0 = Release|Any CPU
		{71343400-F293-438D-B77C-85A8ABFAE115}.Release|Mixed Platforms.ActiveCfg = Release|Any CPU
		{71343400-F293-438D-B77C-85A8ABFAE115}.Release|Mixed Platforms.Build.0 = Release|Any CPU
		{71343400-F293-438D-B77C-85A8ABFAE115}.Release|x86.ActiveCfg = Release|Any CPU
		{F98D5454-98DF-4018-958E-35847D9E18D2}.Debug|Any CPU.ActiveCfg = Debug|x86
		{F98D5454-98DF-4018-958E-35847D9E18D2}.Debug|Mixed Platforms.ActiveCfg = Debug|x86
		{F98D5454-98DF-4018-958E-35847D9E18D2}.Debug|Mixed Platforms.Build.0 = Debug|x86
		{F98D5454-98DF-4018-958E-35847D9E18D2}.Debug|x86.ActiveCfg = Debug|x86
		{F98D5454-98DF-4018-958E-35847D9E18D2}.Debug|x86.Build.0 = Debug|x86
		{F98D5454-98DF-4018-958E-35847D9E18D2}.Release|Any CPU.ActiveCfg = Release|x86
		{F98D5454-98DF-4018-958E-35847D9E18D2}.Release|Mixed Platforms.ActiveCfg = Release|x86
		{F98D5454-98DF-4018-958E-35847D9E18D2}.Release|Mixed Platforms.Build.0 = Release|x86
		{F98D5454-98DF-4018-958E-35847D9E18D2}.Release|x86.ActiveCfg = Release|x86
		{F98D5454-98DF-4018-958E-35847D9E18D2}.Release|x86.Build.0 = Release|x86
	EndGlobalSection
	GlobalSection(SolutionProperties) = preSolution
		HideSolutionNode = FALSE
	EndGlobalSection
EndGlobal
